
Microsoft Visual Studio Solution File, Format Version 12.00
# Visual Studio Version 17
VisualStudioVersion = 17.5.33414.496
MinimumVisualStudioVersion = 10.0.40219.1
Project("{FAE04EC0-301F-11D3-BF4B-00C04F79EFBC}") = "dynamodb-converters", "dynamodb-converters\dynamodb-converters.csproj", "{4ABF85C4-1D45-4D8B-949C-217E82F4DB20}"
EndProject
Global
	GlobalSection(SolutionConfigurationPlatforms) = preSolution
		Debug|Any CPU = Debug|Any CPU
		Release|Any CPU = Release|Any CPU
	EndGlobalSection
	GlobalSection(ProjectConfigurationPlatforms) = postSolution
		{4ABF85C4-1D45-4D8B-949C-217E82F4DB20}.Debug|Any CPU.ActiveCfg = Debug|Any CPU
		{4ABF85C4-1D45-4D8B-949C-217E82F4DB20}.Debug|Any CPU.Build.0 = Debug|Any CPU
		{4ABF85C4-1D45-4D8B-949C-217E82F4DB20}.Release|Any CPU.ActiveCfg = Release|Any CPU
		{4ABF85C4-1D45-4D8B-949C-217E82F4DB20}.Release|Any CPU.Build.0 = Release|Any CPU
	EndGlobalSection
	GlobalSection(SolutionProperties) = preSolution
		HideSolutionNode = FALSE
	EndGlobalSection
	GlobalSection(ExtensibilityGlobals) = postSolution
		SolutionGuid = {08401D2D-76B5-451E-879A-D64B1A871150}
	EndGlobalSection
EndGlobal
